// !$*UTF8*$!
{
	archiveVersion = 1;
	classes = {
	};
	objectVersion = 46;
	objects = {

/* Begin PBXBuildFile section */
		0056B6F258E2F6CE95D88572 /* libPods-TelstraUITests.a in Frameworks */ = {isa = PBXBuildFile; fileRef = 27F110A97464BB3F3338BCE0 /* libPods-TelstraUITests.a */; };
		7897EFBF7BC532C54370B56E /* libPods-TelstraTests.a in Frameworks */ = {isa = PBXBuildFile; fileRef = 1F151F4187133803A86F247B /* libPods-TelstraTests.a */; };
		7D6EEC781EDF6E2C0070BBE5 /* main.m in Sources */ = {isa = PBXBuildFile; fileRef = 7D6EEC771EDF6E2C0070BBE5 /* main.m */; };
		7D6EEC7B1EDF6E2C0070BBE5 /* AppDelegate.m in Sources */ = {isa = PBXBuildFile; fileRef = 7D6EEC7A1EDF6E2C0070BBE5 /* AppDelegate.m */; };
		7D6EEC7E1EDF6E2C0070BBE5 /* ViewController.m in Sources */ = {isa = PBXBuildFile; fileRef = 7D6EEC7D1EDF6E2C0070BBE5 /* ViewController.m */; };
		7D6EEC811EDF6E2D0070BBE5 /* Main.storyboard in Resources */ = {isa = PBXBuildFile; fileRef = 7D6EEC7F1EDF6E2D0070BBE5 /* Main.storyboard */; };
		7D6EEC831EDF6E2D0070BBE5 /* Assets.xcassets in Resources */ = {isa = PBXBuildFile; fileRef = 7D6EEC821EDF6E2D0070BBE5 /* Assets.xcassets */; };
		7D6EEC861EDF6E2D0070BBE5 /* LaunchScreen.storyboard in Resources */ = {isa = PBXBuildFile; fileRef = 7D6EEC841EDF6E2D0070BBE5 /* LaunchScreen.storyboard */; };
		7D6EEC911EDF6E2D0070BBE5 /* TelstraTests.m in Sources */ = {isa = PBXBuildFile; fileRef = 7D6EEC901EDF6E2D0070BBE5 /* TelstraTests.m */; };
		7D6EEC9C1EDF6E2D0070BBE5 /* TelstraUITests.m in Sources */ = {isa = PBXBuildFile; fileRef = 7D6EEC9B1EDF6E2D0070BBE5 /* TelstraUITests.m */; };
		7D8442981EE1E70B00F93D90 /* demoImg.png in Resources */ = {isa = PBXBuildFile; fileRef = 7D8442971EE1E70B00F93D90 /* demoImg.png */; };
		7D84429C1EE217C700F93D90 /* Foundation.framework in Frameworks */ = {isa = PBXBuildFile; fileRef = 7D84429B1EE217C700F93D90 /* Foundation.framework */; };
		CF2858B01878BB4CD66096FC /* libPods-Telstra.a in Frameworks */ = {isa = PBXBuildFile; fileRef = 895B26ABC454715BD97C70AB /* libPods-Telstra.a */; };
/* End PBXBuildFile section */

/* Begin PBXContainerItemProxy section */
		7D6EEC8D1EDF6E2D0070BBE5 /* PBXContainerItemProxy */ = {
			isa = PBXContainerItemProxy;
			containerPortal = 7D6EEC6B1EDF6E2C0070BBE5 /* Project object */;
			proxyType = 1;
			remoteGlobalIDString = 7D6EEC721EDF6E2C0070BBE5;
			remoteInfo = Telstra;
		};
		7D6EEC981EDF6E2D0070BBE5 /* PBXContainerItemProxy */ = {
			isa = PBXContainerItemProxy;
			containerPortal = 7D6EEC6B1EDF6E2C0070BBE5 /* Project object */;
			proxyType = 1;
			remoteGlobalIDString = 7D6EEC721EDF6E2C0070BBE5;
			remoteInfo = Telstra;
		};
/* End PBXContainerItemProxy section */

/* Begin PBXFileReference section */
		1F151F4187133803A86F247B /* libPods-TelstraTests.a */ = {isa = PBXFileReference; explicitFileType = archive.ar; includeInIndex = 0; path = "libPods-TelstraTests.a"; sourceTree = BUILT_PRODUCTS_DIR; };
		27F110A97464BB3F3338BCE0 /* libPods-TelstraUITests.a */ = {isa = PBXFileReference; explicitFileType = archive.ar; includeInIndex = 0; path = "libPods-TelstraUITests.a"; sourceTree = BUILT_PRODUCTS_DIR; };
		7D6EEC731EDF6E2C0070BBE5 /* Telstra.app */ = {isa = PBXFileReference; explicitFileType = wrapper.application; includeInIndex = 0; path = Telstra.app; sourceTree = BUILT_PRODUCTS_DIR; };
		7D6EEC771EDF6E2C0070BBE5 /* main.m */ = {isa = PBXFileReference; lastKnownFileType = sourcecode.c.objc; path = main.m; sourceTree = "<group>"; };
		7D6EEC791EDF6E2C0070BBE5 /* AppDelegate.h */ = {isa = PBXFileReference; lastKnownFileType = sourcecode.c.h; path = AppDelegate.h; sourceTree = "<group>"; };
		7D6EEC7A1EDF6E2C0070BBE5 /* AppDelegate.m */ = {isa = PBXFileReference; lastKnownFileType = sourcecode.c.objc; path = AppDelegate.m; sourceTree = "<group>"; };
		7D6EEC7C1EDF6E2C0070BBE5 /* ViewController.h */ = {isa = PBXFileReference; lastKnownFileType = sourcecode.c.h; path = ViewController.h; sourceTree = "<group>"; };
		7D6EEC7D1EDF6E2C0070BBE5 /* ViewController.m */ = {isa = PBXFileReference; lastKnownFileType = sourcecode.c.objc; path = ViewController.m; sourceTree = "<group>"; };
		7D6EEC801EDF6E2D0070BBE5 /* Base */ = {isa = PBXFileReference; lastKnownFileType = file.storyboard; name = Base; path = Base.lproj/Main.storyboard; sourceTree = "<group>"; };
		7D6EEC821EDF6E2D0070BBE5 /* Assets.xcassets */ = {isa = PBXFileReference; lastKnownFileType = folder.assetcatalog; path = Assets.xcassets; sourceTree = "<group>"; };
		7D6EEC851EDF6E2D0070BBE5 /* Base */ = {isa = PBXFileReference; lastKnownFileType = file.storyboard; name = Base; path = Base.lproj/LaunchScreen.storyboard; sourceTree = "<group>"; };
		7D6EEC871EDF6E2D0070BBE5 /* Info.plist */ = {isa = PBXFileReference; lastKnownFileType = text.plist.xml; path = Info.plist; sourceTree = "<group>"; };
		7D6EEC8C1EDF6E2D0070BBE5 /* TelstraTests.xctest */ = {isa = PBXFileReference; explicitFileType = wrapper.cfbundle; includeInIndex = 0; path = TelstraTests.xctest; sourceTree = BUILT_PRODUCTS_DIR; };
		7D6EEC901EDF6E2D0070BBE5 /* TelstraTests.m */ = {isa = PBXFileReference; lastKnownFileType = sourcecode.c.objc; path = TelstraTests.m; sourceTree = "<group>"; };
		7D6EEC921EDF6E2D0070BBE5 /* Info.plist */ = {isa = PBXFileReference; lastKnownFileType = text.plist.xml; path = Info.plist; sourceTree = "<group>"; };
		7D6EEC971EDF6E2D0070BBE5 /* TelstraUITests.xctest */ = {isa = PBXFileReference; explicitFileType = wrapper.cfbundle; includeInIndex = 0; path = TelstraUITests.xctest; sourceTree = BUILT_PRODUCTS_DIR; };
		7D6EEC9B1EDF6E2D0070BBE5 /* TelstraUITests.m */ = {isa = PBXFileReference; lastKnownFileType = sourcecode.c.objc; path = TelstraUITests.m; sourceTree = "<group>"; };
		7D6EEC9D1EDF6E2D0070BBE5 /* Info.plist */ = {isa = PBXFileReference; lastKnownFileType = text.plist.xml; path = Info.plist; sourceTree = "<group>"; };
		7D8442951EE1DE8900F93D90 /* libSDWebImage.a */ = {isa = PBXFileReference; lastKnownFileType = archive.ar; name = libSDWebImage.a; path = "Pods/../build/Debug-iphoneos/SDWebImage/libSDWebImage.a"; sourceTree = "<group>"; };
		7D8442971EE1E70B00F93D90 /* demoImg.png */ = {isa = PBXFileReference; lastKnownFileType = image.png; path = demoImg.png; sourceTree = "<group>"; };
		7D8442991EE217BC00F93D90 /* libSDWebImage.a */ = {isa = PBXFileReference; lastKnownFileType = archive.ar; name = libSDWebImage.a; path = "Pods/../build/Debug-iphoneos/SDWebImage/libSDWebImage.a"; sourceTree = "<group>"; };
		7D84429B1EE217C700F93D90 /* Foundation.framework */ = {isa = PBXFileReference; lastKnownFileType = wrapper.framework; name = Foundation.framework; path = System/Library/Frameworks/Foundation.framework; sourceTree = SDKROOT; };
		7D84429D1EE21E4900F93D90 /* SDWebImage.framework */ = {isa = PBXFileReference; lastKnownFileType = wrapper.framework; name = SDWebImage.framework; path = "Pods/../build/Debug-iphoneos/SDWebImage/SDWebImage.framework"; sourceTree = "<group>"; };
		895B26ABC454715BD97C70AB /* libPods-Telstra.a */ = {isa = PBXFileReference; explicitFileType = archive.ar; includeInIndex = 0; path = "libPods-Telstra.a"; sourceTree = BUILT_PRODUCTS_DIR; };
		922335E45E3020C33CB0CDA1 /* Pods-TelstraTests.debug.xcconfig */ = {isa = PBXFileReference; includeInIndex = 1; lastKnownFileType = text.xcconfig; name = "Pods-TelstraTests.debug.xcconfig"; path = "Pods/Target Support Files/Pods-TelstraTests/Pods-TelstraTests.debug.xcconfig"; sourceTree = "<group>"; };
		AA5D423218CC30AC44C2B0A9 /* Pods-Telstra.release.xcconfig */ = {isa = PBXFileReference; includeInIndex = 1; lastKnownFileType = text.xcconfig; name = "Pods-Telstra.release.xcconfig"; path = "Pods/Target Support Files/Pods-Telstra/Pods-Telstra.release.xcconfig"; sourceTree = "<group>"; };
		AD72DA5AB98C029A0440DE16 /* Pods-TelstraTests.release.xcconfig */ = {isa = PBXFileReference; includeInIndex = 1; lastKnownFileType = text.xcconfig; name = "Pods-TelstraTests.release.xcconfig"; path = "Pods/Target Support Files/Pods-TelstraTests/Pods-TelstraTests.release.xcconfig"; sourceTree = "<group>"; };
		BB9A65E70EA77521A247D1D7 /* Pods-Telstra.debug.xcconfig */ = {isa = PBXFileReference; includeInIndex = 1; lastKnownFileType = text.xcconfig; name = "Pods-Telstra.debug.xcconfig"; path = "Pods/Target Support Files/Pods-Telstra/Pods-Telstra.debug.xcconfig"; sourceTree = "<group>"; };
		C76F36C8B6B408E7FA5BF81E /* Pods-TelstraUITests.release.xcconfig */ = {isa = PBXFileReference; includeInIndex = 1; lastKnownFileType = text.xcconfig; name = "Pods-TelstraUITests.release.xcconfig"; path = "Pods/Target Support Files/Pods-TelstraUITests/Pods-TelstraUITests.release.xcconfig"; sourceTree = "<group>"; };
		C94E4216AB1F947D4A5E142D /* Pods-TelstraUITests.debug.xcconfig */ = {isa = PBXFileReference; includeInIndex = 1; lastKnownFileType = text.xcconfig; name = "Pods-TelstraUITests.debug.xcconfig"; path = "Pods/Target Support Files/Pods-TelstraUITests/Pods-TelstraUITests.debug.xcconfig"; sourceTree = "<group>"; };
/* End PBXFileReference section */

/* Begin PBXFrameworksBuildPhase section */
		7D6EEC701EDF6E2C0070BBE5 /* Frameworks */ = {
			isa = PBXFrameworksBuildPhase;
			buildActionMask = 2147483647;
			files = (
				7D84429C1EE217C700F93D90 /* Foundation.framework in Frameworks */,
				CF2858B01878BB4CD66096FC /* libPods-Telstra.a in Frameworks */,
			);
			runOnlyForDeploymentPostprocessing = 0;
		};
		7D6EEC891EDF6E2D0070BBE5 /* Frameworks */ = {
			isa = PBXFrameworksBuildPhase;
			buildActionMask = 2147483647;
			files = (
				7897EFBF7BC532C54370B56E /* libPods-TelstraTests.a in Frameworks */,
			);
			runOnlyForDeploymentPostprocessing = 0;
		};
		7D6EEC941EDF6E2D0070BBE5 /* Frameworks */ = {
			isa = PBXFrameworksBuildPhase;
			buildActionMask = 2147483647;
			files = (
				0056B6F258E2F6CE95D88572 /* libPods-TelstraUITests.a in Frameworks */,
			);
			runOnlyForDeploymentPostprocessing = 0;
		};
/* End PBXFrameworksBuildPhase section */

/* Begin PBXGroup section */
		7D6EEC6A1EDF6E2C0070BBE5 = {
			isa = PBXGroup;
			children = (
				7D6EEC751EDF6E2C0070BBE5 /* Telstra */,
				7D6EEC8F1EDF6E2D0070BBE5 /* TelstraTests */,
				7D6EEC9A1EDF6E2D0070BBE5 /* TelstraUITests */,
				7D6EEC741EDF6E2C0070BBE5 /* Products */,
				F8669761A00C5297A8AA4E79 /* Pods */,
				B375B9E2A11F3F4D5A7D86F8 /* Frameworks */,
			);
			sourceTree = "<group>";
		};
		7D6EEC741EDF6E2C0070BBE5 /* Products */ = {
			isa = PBXGroup;
			children = (
				7D6EEC731EDF6E2C0070BBE5 /* Telstra.app */,
				7D6EEC8C1EDF6E2D0070BBE5 /* TelstraTests.xctest */,
				7D6EEC971EDF6E2D0070BBE5 /* TelstraUITests.xctest */,
			);
			name = Products;
			sourceTree = "<group>";
		};
		7D6EEC751EDF6E2C0070BBE5 /* Telstra */ = {
			isa = PBXGroup;
			children = (
				7D6EEC791EDF6E2C0070BBE5 /* AppDelegate.h */,
				7D6EEC7A1EDF6E2C0070BBE5 /* AppDelegate.m */,
				7D6EEC7C1EDF6E2C0070BBE5 /* ViewController.h */,
				7D6EEC7D1EDF6E2C0070BBE5 /* ViewController.m */,
				7D8442971EE1E70B00F93D90 /* demoImg.png */,
				7D6EEC7F1EDF6E2D0070BBE5 /* Main.storyboard */,
				7D6EEC821EDF6E2D0070BBE5 /* Assets.xcassets */,
				7D6EEC841EDF6E2D0070BBE5 /* LaunchScreen.storyboard */,
				7D6EEC871EDF6E2D0070BBE5 /* Info.plist */,
				7D6EEC761EDF6E2C0070BBE5 /* Supporting Files */,
			);
			path = Telstra;
			sourceTree = "<group>";
		};
		7D6EEC761EDF6E2C0070BBE5 /* Supporting Files */ = {
			isa = PBXGroup;
			children = (
				7D6EEC771EDF6E2C0070BBE5 /* main.m */,
			);
			name = "Supporting Files";
			sourceTree = "<group>";
		};
		7D6EEC8F1EDF6E2D0070BBE5 /* TelstraTests */ = {
			isa = PBXGroup;
			children = (
				7D6EEC901EDF6E2D0070BBE5 /* TelstraTests.m */,
				7D6EEC921EDF6E2D0070BBE5 /* Info.plist */,
			);
			path = TelstraTests;
			sourceTree = "<group>";
		};
		7D6EEC9A1EDF6E2D0070BBE5 /* TelstraUITests */ = {
			isa = PBXGroup;
			children = (
				7D6EEC9B1EDF6E2D0070BBE5 /* TelstraUITests.m */,
				7D6EEC9D1EDF6E2D0070BBE5 /* Info.plist */,
			);
			path = TelstraUITests;
			sourceTree = "<group>";
		};
		B375B9E2A11F3F4D5A7D86F8 /* Frameworks */ = {
			isa = PBXGroup;
			children = (
				7D84429D1EE21E4900F93D90 /* SDWebImage.framework */,
				7D84429B1EE217C700F93D90 /* Foundation.framework */,
				7D8442991EE217BC00F93D90 /* libSDWebImage.a */,
				7D8442951EE1DE8900F93D90 /* libSDWebImage.a */,
				895B26ABC454715BD97C70AB /* libPods-Telstra.a */,
				1F151F4187133803A86F247B /* libPods-TelstraTests.a */,
				27F110A97464BB3F3338BCE0 /* libPods-TelstraUITests.a */,
			);
			name = Frameworks;
			sourceTree = "<group>";
		};
		F8669761A00C5297A8AA4E79 /* Pods */ = {
			isa = PBXGroup;
			children = (
				BB9A65E70EA77521A247D1D7 /* Pods-Telstra.debug.xcconfig */,
				AA5D423218CC30AC44C2B0A9 /* Pods-Telstra.release.xcconfig */,
				922335E45E3020C33CB0CDA1 /* Pods-TelstraTests.debug.xcconfig */,
				AD72DA5AB98C029A0440DE16 /* Pods-TelstraTests.release.xcconfig */,
				C94E4216AB1F947D4A5E142D /* Pods-TelstraUITests.debug.xcconfig */,
				C76F36C8B6B408E7FA5BF81E /* Pods-TelstraUITests.release.xcconfig */,
			);
			name = Pods;
			sourceTree = "<group>";
		};
/* End PBXGroup section */

/* Begin PBXNativeTarget section */
		7D6EEC721EDF6E2C0070BBE5 /* Telstra */ = {
			isa = PBXNativeTarget;
			buildConfigurationList = 7D6EECA01EDF6E2D0070BBE5 /* Build configuration list for PBXNativeTarget "Telstra" */;
			buildPhases = (
				A29E03DE8B469B7E3353AA16 /* [CP] Check Pods Manifest.lock */,
				7D6EEC6F1EDF6E2C0070BBE5 /* Sources */,
				7D6EEC701EDF6E2C0070BBE5 /* Frameworks */,
				7D6EEC711EDF6E2C0070BBE5 /* Resources */,
				55E45EBE1699D76250515D17 /* [CP] Embed Pods Frameworks */,
				0A190EF3ADDA1741EF3882F5 /* [CP] Copy Pods Resources */,
			);
			buildRules = (
			);
			dependencies = (
			);
			name = Telstra;
			productName = Telstra;
			productReference = 7D6EEC731EDF6E2C0070BBE5 /* Telstra.app */;
			productType = "com.apple.product-type.application";
		};
		7D6EEC8B1EDF6E2D0070BBE5 /* TelstraTests */ = {
			isa = PBXNativeTarget;
			buildConfigurationList = 7D6EECA31EDF6E2D0070BBE5 /* Build configuration list for PBXNativeTarget "TelstraTests" */;
			buildPhases = (
				CDEDD2FBBAE663B8CC62E4CE /* [CP] Check Pods Manifest.lock */,
				7D6EEC881EDF6E2D0070BBE5 /* Sources */,
				7D6EEC891EDF6E2D0070BBE5 /* Frameworks */,
				7D6EEC8A1EDF6E2D0070BBE5 /* Resources */,
				B8BCA755C8334E326A781551 /* [CP] Embed Pods Frameworks */,
				B24D4AB2487924F79A24E685 /* [CP] Copy Pods Resources */,
			);
			buildRules = (
			);
			dependencies = (
				7D6EEC8E1EDF6E2D0070BBE5 /* PBXTargetDependency */,
			);
			name = TelstraTests;
			productName = TelstraTests;
			productReference = 7D6EEC8C1EDF6E2D0070BBE5 /* TelstraTests.xctest */;
			productType = "com.apple.product-type.bundle.unit-test";
		};
		7D6EEC961EDF6E2D0070BBE5 /* TelstraUITests */ = {
			isa = PBXNativeTarget;
			buildConfigurationList = 7D6EECA61EDF6E2D0070BBE5 /* Build configuration list for PBXNativeTarget "TelstraUITests" */;
			buildPhases = (
				969A4D848F6BBB1303D2BCED /* [CP] Check Pods Manifest.lock */,
				7D6EEC931EDF6E2D0070BBE5 /* Sources */,
				7D6EEC941EDF6E2D0070BBE5 /* Frameworks */,
				7D6EEC951EDF6E2D0070BBE5 /* Resources */,
				D83C9D60ED5B8309B48220CF /* [CP] Embed Pods Frameworks */,
				0F1EBA8D2DAFCD941B919749 /* [CP] Copy Pods Resources */,
			);
			buildRules = (
			);
			dependencies = (
				7D6EEC991EDF6E2D0070BBE5 /* PBXTargetDependency */,
			);
			name = TelstraUITests;
			productName = TelstraUITests;
			productReference = 7D6EEC971EDF6E2D0070BBE5 /* TelstraUITests.xctest */;
			productType = "com.apple.product-type.bundle.ui-testing";
		};
/* End PBXNativeTarget section */

/* Begin PBXProject section */
		7D6EEC6B1EDF6E2C0070BBE5 /* Project object */ = {
			isa = PBXProject;
			attributes = {
				LastUpgradeCheck = 0720;
				ORGANIZATIONNAME = Infosys;
				TargetAttributes = {
					7D6EEC721EDF6E2C0070BBE5 = {
						CreatedOnToolsVersion = 7.2;
						DevelopmentTeam = 69VU96BCPE;
					};
					7D6EEC8B1EDF6E2D0070BBE5 = {
						CreatedOnToolsVersion = 7.2;
						TestTargetID = 7D6EEC721EDF6E2C0070BBE5;
					};
					7D6EEC961EDF6E2D0070BBE5 = {
						CreatedOnToolsVersion = 7.2;
						TestTargetID = 7D6EEC721EDF6E2C0070BBE5;
					};
				};
			};
			buildConfigurationList = 7D6EEC6E1EDF6E2C0070BBE5 /* Build configuration list for PBXProject "Telstra" */;
			compatibilityVersion = "Xcode 3.2";
			developmentRegion = English;
			hasScannedForEncodings = 0;
			knownRegions = (
				en,
				Base,
			);
			mainGroup = 7D6EEC6A1EDF6E2C0070BBE5;
			productRefGroup = 7D6EEC741EDF6E2C0070BBE5 /* Products */;
			projectDirPath = "";
			projectRoot = "";
			targets = (
				7D6EEC721EDF6E2C0070BBE5 /* Telstra */,
				7D6EEC8B1EDF6E2D0070BBE5 /* TelstraTests */,
				7D6EEC961EDF6E2D0070BBE5 /* TelstraUITests */,
			);
		};
/* End PBXProject section */

/* Begin PBXResourcesBuildPhase section */
		7D6EEC711EDF6E2C0070BBE5 /* Resources */ = {
			isa = PBXResourcesBuildPhase;
			buildActionMask = 2147483647;
			files = (
				7D8442981EE1E70B00F93D90 /* demoImg.png in Resources */,
				7D6EEC861EDF6E2D0070BBE5 /* LaunchScreen.storyboard in Resources */,
				7D6EEC831EDF6E2D0070BBE5 /* Assets.xcassets in Resources */,
				7D6EEC811EDF6E2D0070BBE5 /* Main.storyboard in Resources */,
			);
			runOnlyForDeploymentPostprocessing = 0;
		};
		7D6EEC8A1EDF6E2D0070BBE5 /* Resources */ = {
			isa = PBXResourcesBuildPhase;
			buildActionMask = 2147483647;
			files = (
			);
			runOnlyForDeploymentPostprocessing = 0;
		};
		7D6EEC951EDF6E2D0070BBE5 /* Resources */ = {
			isa = PBXResourcesBuildPhase;
			buildActionMask = 2147483647;
			files = (
			);
			runOnlyForDeploymentPostprocessing = 0;
		};
/* End PBXResourcesBuildPhase section */

/* Begin PBXShellScriptBuildPhase section */
		0A190EF3ADDA1741EF3882F5 /* [CP] Copy Pods Resources */ = {
			isa = PBXShellScriptBuildPhase;
			buildActionMask = 2147483647;
			files = (
			);
			inputPaths = (
			);
			name = "[CP] Copy Pods Resources";
			outputPaths = (
			);
			runOnlyForDeploymentPostprocessing = 0;
			shellPath = /bin/sh;
			shellScript = "\"${SRCROOT}/Pods/Target Support Files/Pods-Telstra/Pods-Telstra-resources.sh\"\n";
			showEnvVarsInLog = 0;
		};
		0F1EBA8D2DAFCD941B919749 /* [CP] Copy Pods Resources */ = {
			isa = PBXShellScriptBuildPhase;
			buildActionMask = 2147483647;
			files = (
			);
			inputPaths = (
			);
			name = "[CP] Copy Pods Resources";
			outputPaths = (
			);
			runOnlyForDeploymentPostprocessing = 0;
			shellPath = /bin/sh;
			shellScript = "\"${SRCROOT}/Pods/Target Support Files/Pods-TelstraUITests/Pods-TelstraUITests-resources.sh\"\n";
			showEnvVarsInLog = 0;
		};
		55E45EBE1699D76250515D17 /* [CP] Embed Pods Frameworks */ = {
			isa = PBXShellScriptBuildPhase;
			buildActionMask = 2147483647;
			files = (
			);
			inputPaths = (
			);
			name = "[CP] Embed Pods Frameworks";
			outputPaths = (
			);
			runOnlyForDeploymentPostprocessing = 0;
			shellPath = /bin/sh;
			shellScript = "\"${SRCROOT}/Pods/Target Support Files/Pods-Telstra/Pods-Telstra-frameworks.sh\"\n";
			showEnvVarsInLog = 0;
		};
		969A4D848F6BBB1303D2BCED /* [CP] Check Pods Manifest.lock */ = {
			isa = PBXShellScriptBuildPhase;
			buildActionMask = 2147483647;
			files = (
			);
			inputPaths = (
			);
			name = "[CP] Check Pods Manifest.lock";
			outputPaths = (
			);
			runOnlyForDeploymentPostprocessing = 0;
			shellPath = /bin/sh;
			shellScript = "diff \"${PODS_PODFILE_DIR_PATH}/Podfile.lock\" \"${PODS_ROOT}/Manifest.lock\" > /dev/null\nif [ $? != 0 ] ; then\n    # print error to STDERR\n    echo \"error: The sandbox is not in sync with the Podfile.lock. Run 'pod install' or update your CocoaPods installation.\" >&2\n    exit 1\nfi\n";
			showEnvVarsInLog = 0;
		};
		A29E03DE8B469B7E3353AA16 /* [CP] Check Pods Manifest.lock */ = {
			isa = PBXShellScriptBuildPhase;
			buildActionMask = 2147483647;
			files = (
			);
			inputPaths = (
			);
			name = "[CP] Check Pods Manifest.lock";
			outputPaths = (
			);
			runOnlyForDeploymentPostprocessing = 0;
			shellPath = /bin/sh;
			shellScript = "diff \"${PODS_PODFILE_DIR_PATH}/Podfile.lock\" \"${PODS_ROOT}/Manifest.lock\" > /dev/null\nif [ $? != 0 ] ; then\n    # print error to STDERR\n    echo \"error: The sandbox is not in sync with the Podfile.lock. Run 'pod install' or update your CocoaPods installation.\" >&2\n    exit 1\nfi\n";
			showEnvVarsInLog = 0;
		};
		B24D4AB2487924F79A24E685 /* [CP] Copy Pods Resources */ = {
			isa = PBXShellScriptBuildPhase;
			buildActionMask = 2147483647;
			files = (
			);
			inputPaths = (
			);
			name = "[CP] Copy Pods Resources";
			outputPaths = (
			);
			runOnlyForDeploymentPostprocessing = 0;
			shellPath = /bin/sh;
			shellScript = "\"${SRCROOT}/Pods/Target Support Files/Pods-TelstraTests/Pods-TelstraTests-resources.sh\"\n";
			showEnvVarsInLog = 0;
		};
		B8BCA755C8334E326A781551 /* [CP] Embed Pods Frameworks */ = {
			isa = PBXShellScriptBuildPhase;
			buildActionMask = 2147483647;
			files = (
			);
			inputPaths = (
			);
			name = "[CP] Embed Pods Frameworks";
			outputPaths = (
			);
			runOnlyForDeploymentPostprocessing = 0;
			shellPath = /bin/sh;
			shellScript = "\"${SRCROOT}/Pods/Target Support Files/Pods-TelstraTests/Pods-TelstraTests-frameworks.sh\"\n";
			showEnvVarsInLog = 0;
		};
		CDEDD2FBBAE663B8CC62E4CE /* [CP] Check Pods Manifest.lock */ = {
			isa = PBXShellScriptBuildPhase;
			buildActionMask = 2147483647;
			files = (
			);
			inputPaths = (
			);
			name = "[CP] Check Pods Manifest.lock";
			outputPaths = (
			);
			runOnlyForDeploymentPostprocessing = 0;
			shellPath = /bin/sh;
			shellScript = "diff \"${PODS_PODFILE_DIR_PATH}/Podfile.lock\" \"${PODS_ROOT}/Manifest.lock\" > /dev/null\nif [ $? != 0 ] ; then\n    # print error to STDERR\n    echo \"error: The sandbox is not in sync with the Podfile.lock. Run 'pod install' or update your CocoaPods installation.\" >&2\n    exit 1\nfi\n";
			showEnvVarsInLog = 0;
		};
		D83C9D60ED5B8309B48220CF /* [CP] Embed Pods Frameworks */ = {
			isa = PBXShellScriptBuildPhase;
			buildActionMask = 2147483647;
			files = (
			);
			inputPaths = (
			);
			name = "[CP] Embed Pods Frameworks";
			outputPaths = (
			);
			runOnlyForDeploymentPostprocessing = 0;
			shellPath = /bin/sh;
			shellScript = "\"${SRCROOT}/Pods/Target Support Files/Pods-TelstraUITests/Pods-TelstraUITests-frameworks.sh\"\n";
			showEnvVarsInLog = 0;
		};
/* End PBXShellScriptBuildPhase section */

/* Begin PBXSourcesBuildPhase section */
		7D6EEC6F1EDF6E2C0070BBE5 /* Sources */ = {
			isa = PBXSourcesBuildPhase;
			buildActionMask = 2147483647;
			files = (
				7D6EEC7E1EDF6E2C0070BBE5 /* ViewController.m in Sources */,
				7D6EEC7B1EDF6E2C0070BBE5 /* AppDelegate.m in Sources */,
				7D6EEC781EDF6E2C0070BBE5 /* main.m in Sources */,
			);
			runOnlyForDeploymentPostprocessing = 0;
		};
		7D6EEC881EDF6E2D0070BBE5 /* Sources */ = {
			isa = PBXSourcesBuildPhase;
			buildActionMask = 2147483647;
			files = (
				7D6EEC911EDF6E2D0070BBE5 /* TelstraTests.m in Sources */,
			);
			runOnlyForDeploymentPostprocessing = 0;
		};
		7D6EEC931EDF6E2D0070BBE5 /* Sources */ = {
			isa = PBXSourcesBuildPhase;
			buildActionMask = 2147483647;
			files = (
				7D6EEC9C1EDF6E2D0070BBE5 /* TelstraUITests.m in Sources */,
			);
			runOnlyForDeploymentPostprocessing = 0;
		};
/* End PBXSourcesBuildPhase section */

/* Begin PBXTargetDependency section */
		7D6EEC8E1EDF6E2D0070BBE5 /* PBXTargetDependency */ = {
			isa = PBXTargetDependency;
			target = 7D6EEC721EDF6E2C0070BBE5 /* Telstra */;
			targetProxy = 7D6EEC8D1EDF6E2D0070BBE5 /* PBXContainerItemProxy */;
		};
		7D6EEC991EDF6E2D0070BBE5 /* PBXTargetDependency */ = {
			isa = PBXTargetDependency;
			target = 7D6EEC721EDF6E2C0070BBE5 /* Telstra */;
			targetProxy = 7D6EEC981EDF6E2D0070BBE5 /* PBXContainerItemProxy */;
		};
/* End PBXTargetDependency section */

/* Begin PBXVariantGroup section */
		7D6EEC7F1EDF6E2D0070BBE5 /* Main.storyboard */ = {
			isa = PBXVariantGroup;
			children = (
				7D6EEC801EDF6E2D0070BBE5 /* Base */,
			);
			name = Main.storyboard;
			sourceTree = "<group>";
		};
		7D6EEC841EDF6E2D0070BBE5 /* LaunchScreen.storyboard */ = {
			isa = PBXVariantGroup;
			children = (
				7D6EEC851EDF6E2D0070BBE5 /* Base */,
			);
			name = LaunchScreen.storyboard;
			sourceTree = "<group>";
		};
/* End PBXVariantGroup section */

/* Begin XCBuildConfiguration section */
		7D6EEC9E1EDF6E2D0070BBE5 /* Debug */ = {
			isa = XCBuildConfiguration;
			buildSettings = {
				ALWAYS_SEARCH_USER_PATHS = NO;
				ARCHS = (
					"$(ARCHS_STANDARD)",
					"armv7,",
					"armv7s,",
					arm64,
				);
				CLANG_CXX_LANGUAGE_STANDARD = "gnu++0x";
				CLANG_CXX_LIBRARY = "libc++";
				CLANG_ENABLE_MODULES = YES;
				CLANG_ENABLE_OBJC_ARC = YES;
				CLANG_WARN_BOOL_CONVERSION = YES;
				CLANG_WARN_CONSTANT_CONVERSION = YES;
				CLANG_WARN_DIRECT_OBJC_ISA_USAGE = YES_ERROR;
				CLANG_WARN_EMPTY_BODY = YES;
				CLANG_WARN_ENUM_CONVERSION = YES;
				CLANG_WARN_INT_CONVERSION = YES;
				CLANG_WARN_OBJC_ROOT_CLASS = YES_ERROR;
				CLANG_WARN_UNREACHABLE_CODE = YES;
				CLANG_WARN__DUPLICATE_METHOD_MATCH = YES;
				CODE_SIGN_IDENTITY = "iPhone Developer: sardar.sandesh@gmail.com (7CYTW88D2L)";
				"CODE_SIGN_IDENTITY[sdk=iphoneos*]" = "iPhone Developer: sardar.sandesh@gmail.com (7CYTW88D2L)";
				COPY_PHASE_STRIP = NO;
				DEBUG_INFORMATION_FORMAT = dwarf;
				ENABLE_STRICT_OBJC_MSGSEND = YES;
				ENABLE_TESTABILITY = YES;
				GCC_C_LANGUAGE_STANDARD = gnu99;
				GCC_DYNAMIC_NO_PIC = NO;
				GCC_NO_COMMON_BLOCKS = YES;
				GCC_OPTIMIZATION_LEVEL = 0;
				GCC_PREPROCESSOR_DEFINITIONS = (
					"DEBUG=1",
					"$(inherited)",
				);
				GCC_WARN_64_TO_32_BIT_CONVERSION = YES;
				GCC_WARN_ABOUT_RETURN_TYPE = YES_ERROR;
				GCC_WARN_UNDECLARED_SELECTOR = YES;
				GCC_WARN_UNINITIALIZED_AUTOS = YES_AGGRESSIVE;
				GCC_WARN_UNUSED_FUNCTION = YES;
				GCC_WARN_UNUSED_VARIABLE = YES;
				IPHONEOS_DEPLOYMENT_TARGET = 9.2;
				MTL_ENABLE_DEBUG_INFO = YES;
				ONLY_ACTIVE_ARCH = YES;
				SDKROOT = iphoneos;
				TARGETED_DEVICE_FAMILY = "1,2";
			};
			name = Debug;
		};
		7D6EEC9F1EDF6E2D0070BBE5 /* Release */ = {
			isa = XCBuildConfiguration;
			buildSettings = {
				ALWAYS_SEARCH_USER_PATHS = NO;
				ARCHS = (
					"$(ARCHS_STANDARD)",
					"armv7,",
					"armv7s,",
					arm64,
				);
				CLANG_CXX_LANGUAGE_STANDARD = "gnu++0x";
				CLANG_CXX_LIBRARY = "libc++";
				CLANG_ENABLE_MODULES = YES;
				CLANG_ENABLE_OBJC_ARC = YES;
				CLANG_WARN_BOOL_CONVERSION = YES;
				CLANG_WARN_CONSTANT_CONVERSION = YES;
				CLANG_WARN_DIRECT_OBJC_ISA_USAGE = YES_ERROR;
				CLANG_WARN_EMPTY_BODY = YES;
				CLANG_WARN_ENUM_CONVERSION = YES;
				CLANG_WARN_INT_CONVERSION = YES;
				CLANG_WARN_OBJC_ROOT_CLASS = YES_ERROR;
				CLANG_WARN_UNREACHABLE_CODE = YES;
				CLANG_WARN__DUPLICATE_METHOD_MATCH = YES;
				CODE_SIGN_IDENTITY = "iPhone Developer: sardar.sandesh@gmail.com (7CYTW88D2L)";
				"CODE_SIGN_IDENTITY[sdk=iphoneos*]" = "iPhone Developer: sardar.sandesh@gmail.com (7CYTW88D2L)";
				COPY_PHASE_STRIP = NO;
				DEBUG_INFORMATION_FORMAT = "dwarf-with-dsym";
				ENABLE_NS_ASSERTIONS = NO;
				ENABLE_STRICT_OBJC_MSGSEND = YES;
				GCC_C_LANGUAGE_STANDARD = gnu99;
				GCC_NO_COMMON_BLOCKS = YES;
				GCC_WARN_64_TO_32_BIT_CONVERSION = YES;
				GCC_WARN_ABOUT_RETURN_TYPE = YES_ERROR;
				GCC_WARN_UNDECLARED_SELECTOR = YES;
				GCC_WARN_UNINITIALIZED_AUTOS = YES_AGGRESSIVE;
				GCC_WARN_UNUSED_FUNCTION = YES;
				GCC_WARN_UNUSED_VARIABLE = YES;
				IPHONEOS_DEPLOYMENT_TARGET = 9.2;
				MTL_ENABLE_DEBUG_INFO = NO;
				ONLY_ACTIVE_ARCH = YES;
				SDKROOT = iphoneos;
				TARGETED_DEVICE_FAMILY = "1,2";
				VALIDATE_PRODUCT = YES;
			};
			name = Release;
		};
		7D6EECA11EDF6E2D0070BBE5 /* Debug */ = {
			isa = XCBuildConfiguration;
			baseConfigurationReference = BB9A65E70EA77521A247D1D7 /* Pods-Telstra.debug.xcconfig */;
			buildSettings = {
				ASSETCATALOG_COMPILER_APPICON_NAME = AppIcon;
				CODE_SIGN_IDENTITY = "iPhone Developer";
				FRAMEWORK_SEARCH_PATHS = (
					"$(inherited)",
					"$(PROJECT_DIR)/build/Debug-iphoneos/SDWebImage",
				);
				INFOPLIST_FILE = Telstra/Info.plist;
				LD_RUNPATH_SEARCH_PATHS = "$(inherited) @executable_path/Frameworks";
				LIBRARY_SEARCH_PATHS = "$(PROJECT_DIR)/build/Debug-iphoneos/SDWebImage";
				OTHER_LDFLAGS = (
					"$(inherited)",
					"-ObjC",
					"$(inherited)",
				);
				PRODUCT_BUNDLE_IDENTIFIER = con.infy.Telstra;
				PRODUCT_NAME = "$(TARGET_NAME)";
			};
			name = Debug;
		};
		7D6EECA21EDF6E2D0070BBE5 /* Release */ = {
			isa = XCBuildConfiguration;
			baseConfigurationReference = AA5D423218CC30AC44C2B0A9 /* Pods-Telstra.release.xcconfig */;
			buildSettings = {
				ASSETCATALOG_COMPILER_APPICON_NAME = AppIcon;
				CODE_SIGN_IDENTITY = "iPhone Developer";
				FRAMEWORK_SEARCH_PATHS = (
					"$(inherited)",
					"$(PROJECT_DIR)/build/Debug-iphoneos/SDWebImage",
				);
				INFOPLIST_FILE = Telstra/Info.plist;
				LD_RUNPATH_SEARCH_PATHS = "$(inherited) @executable_path/Frameworks";
				LIBRARY_SEARCH_PATHS = "$(PROJECT_DIR)/build/Debug-iphoneos/SDWebImage";
				OTHER_LDFLAGS = (
					"$(inherited)",
					"-ObjC",
					"$(inherited)",
				);
				PRODUCT_BUNDLE_IDENTIFIER = con.infy.Telstra;
				PRODUCT_NAME = "$(TARGET_NAME)";
			};
			name = Release;
		};
		7D6EECA41EDF6E2D0070BBE5 /* Debug */ = {
			isa = XCBuildConfiguration;
			baseConfigurationReference = 922335E45E3020C33CB0CDA1 /* Pods-TelstraTests.debug.xcconfig */;
			buildSettings = {
				BUNDLE_LOADER = "$(TEST_HOST)";
				INFOPLIST_FILE = TelstraTests/Info.plist;
				LD_RUNPATH_SEARCH_PATHS = "$(inherited) @executable_path/Frameworks @loader_path/Frameworks";
				PRODUCT_BUNDLE_IDENTIFIER = con.infy.TelstraTests;
				PRODUCT_NAME = "$(TARGET_NAME)";
				TEST_HOST = "$(BUILT_PRODUCTS_DIR)/Telstra.app/Telstra";
			};
			name = Debug;
		};
		7D6EECA51EDF6E2D0070BBE5 /* Release */ = {
			isa = XCBuildConfiguration;
			baseConfigurationReference = AD72DA5AB98C029A0440DE16 /* Pods-TelstraTests.release.xcconfig */;
			buildSettings = {
				BUNDLE_LOADER = "$(TEST_HOST)";
				INFOPLIST_FILE = TelstraTests/Info.plist;
				LD_RUNPATH_SEARCH_PATHS = "$(inherited) @executable_path/Frameworks @loader_path/Frameworks";
				PRODUCT_BUNDLE_IDENTIFIER = con.infy.TelstraTests;
				PRODUCT_NAME = "$(TARGET_NAME)";
				TEST_HOST = "$(BUILT_PRODUCTS_DIR)/Telstra.app/Telstra";
			};
			name = Release;
		};
		7D6EECA71EDF6E2D0070BBE5 /* Debug */ = {
			isa = XCBuildConfiguration;
			baseConfigurationReference = C94E4216AB1F947D4A5E142D /* Pods-TelstraUITests.debug.xcconfig */;
			buildSettings = {
				INFOPLIST_FILE = TelstraUITests/Info.plist;
				LD_RUNPATH_SEARCH_PATHS = "$(inherited) @executable_path/Frameworks @loader_path/Frameworks";
				PRODUCT_BUNDLE_IDENTIFIER = con.infy.TelstraUITests;
				PRODUCT_NAME = "$(TARGET_NAME)";
				TEST_TARGET_NAME = Telstra;
				USES_XCTRUNNER = YES;
			};
			name = Debug;
		};
		7D6EECA81EDF6E2D0070BBE5 /* Release */ = {
			isa = XCBuildConfiguration;
			baseConfigurationReference = C76F36C8B6B408E7FA5BF81E /* Pods-TelstraUITests.release.xcconfig */;
			buildSettings = {
				INFOPLIST_FILE = TelstraUITests/Info.plist;
				LD_RUNPATH_SEARCH_PATHS = "$(inherited) @executable_path/Frameworks @loader_path/Frameworks";
				PRODUCT_BUNDLE_IDENTIFIER = con.infy.TelstraUITests;
				PRODUCT_NAME = "$(TARGET_NAME)";
				TEST_TARGET_NAME = Telstra;
				USES_XCTRUNNER = YES;
			};
			name = Release;
		};
/* End XCBuildConfiguration section */

/* Begin XCConfigurationList section */
		7D6EEC6E1EDF6E2C0070BBE5 /* Build configuration list for PBXProject "Telstra" */ = {
			isa = XCConfigurationList;
			buildConfigurations = (
				7D6EEC9E1EDF6E2D0070BBE5 /* Debug */,
				7D6EEC9F1EDF6E2D0070BBE5 /* Release */,
			);
			defaultConfigurationIsVisible = 0;
			defaultConfigurationName = Release;
		};
		7D6EECA01EDF6E2D0070BBE5 /* Build configuration list for PBXNativeTarget "Telstra" */ = {
			isa = XCConfigurationList;
			buildConfigurations = (
				7D6EECA11EDF6E2D0070BBE5 /* Debug */,
				7D6EECA21EDF6E2D0070BBE5 /* Release */,
			);
			defaultConfigurationIsVisible = 0;
			defaultConfigurationName = Release;
		};
		7D6EECA31EDF6E2D0070BBE5 /* Build configuration list for PBXNativeTarget "TelstraTests" */ = {
			isa = XCConfigurationList;
			buildConfigurations = (
				7D6EECA41EDF6E2D0070BBE5 /* Debug */,
				7D6EECA51EDF6E2D0070BBE5 /* Release */,
			);
			defaultConfigurationIsVisible = 0;
			defaultConfigurationName = Release;
		};
		7D6EECA61EDF6E2D0070BBE5 /* Build configuration list for PBXNativeTarget "TelstraUITests" */ = {
			isa = XCConfigurationList;
			buildConfigurations = (
				7D6EECA71EDF6E2D0070BBE5 /* Debug */,
				7D6EECA81EDF6E2D0070BBE5 /* Release */,
			);
			defaultConfigurationIsVisible = 0;
			defaultConfigurationName = Release;
		};
/* End XCConfigurationList section */
	};
	rootObject = 7D6EEC6B1EDF6E2C0070BBE5 /* Project object */;
}
